
Microsoft Visual Studio Solution File, Format Version 12.00
# Visual Studio Version 16
VisualStudioVersion = 16.0.30907.101
MinimumVisualStudioVersion = 10.0.40219.1
Project("{9A19103F-16F7-4668-BE54-9A1E7A4F7556}") = "TodoList", "TodoList\TodoList.csproj", "{C9AB3261-17ED-4F82-A53B-C8B1925FF3B3}"
EndProject
Project("{FAE04EC0-301F-11D3-BF4B-00C04F79EFBC}") = "TodoListTest", "TodoListTest\TodoListTest.csproj", "{09791266-03BD-4393-9F5B-1CE231F28FD6}"
EndProject
Global
	GlobalSection(SolutionConfigurationPlatforms) = preSolution
		Debug|Any CPU = Debug|Any CPU
		Release|Any CPU = Release|Any CPU
	EndGlobalSection
	GlobalSection(ProjectConfigurationPlatforms) = postSolution
		{C9AB3261-17ED-4F82-A53B-C8B1925FF3B3}.Debug|Any CPU.ActiveCfg = Debug|Any CPU
		{C9AB3261-17ED-4F82-A53B-C8B1925FF3B3}.Debug|Any CPU.Build.0 = Debug|Any CPU
		{C9AB3261-17ED-4F82-A53B-C8B1925FF3B3}.Release|Any CPU.ActiveCfg = Release|Any CPU
		{C9AB3261-17ED-4F82-A53B-C8B1925FF3B3}.Release|Any CPU.Build.0 = Release|Any CPU
		{09791266-03BD-4393-9F5B-1CE231F28FD6}.Debug|Any CPU.ActiveCfg = Debug|Any CPU
		{09791266-03BD-4393-9F5B-1CE231F28FD6}.Debug|Any CPU.Build.0 = Debug|Any CPU
		{09791266-03BD-4393-9F5B-1CE231F28FD6}.Release|Any CPU.ActiveCfg = Release|Any CPU
		{09791266-03BD-4393-9F5B-1CE231F28FD6}.Release|Any CPU.Build.0 = Release|Any CPU
	EndGlobalSection
	GlobalSection(SolutionProperties) = preSolution
		HideSolutionNode = FALSE
	EndGlobalSection
	GlobalSection(ExtensibilityGlobals) = postSolution
		SolutionGuid = {4DA48421-49FF-4882-8316-0E1A6516B3F2}
	EndGlobalSection
EndGlobal
